
Microsoft Visual Studio Solution File, Format Version 12.00
# Visual Studio Version 16
VisualStudioVersion = 16.0.31702.278
MinimumVisualStudioVersion = 10.0.40219.1
Project("{FAE04EC0-301F-11D3-BF4B-00C04F79EFBC}") = "pzz5", "pzz5\pzz5.csproj", "{117D9EC2-A887-4B3F-9C28-0B677ED8D090}"
EndProject
Global
	GlobalSection(SolutionConfigurationPlatforms) = preSolution
		Debug|Any CPU = Debug|Any CPU
		Release|Any CPU = Release|Any CPU
	EndGlobalSection
	GlobalSection(ProjectConfigurationPlatforms) = postSolution
		{117D9EC2-A887-4B3F-9C28-0B677ED8D090}.Debug|Any CPU.ActiveCfg = Debug|Any CPU
		{117D9EC2-A887-4B3F-9C28-0B677ED8D090}.Debug|Any CPU.Build.0 = Debug|Any CPU
		{117D9EC2-A887-4B3F-9C28-0B677ED8D090}.Release|Any CPU.ActiveCfg = Release|Any CPU
		{117D9EC2-A887-4B3F-9C28-0B677ED8D090}.Release|Any CPU.Build.0 = Release|Any CPU
	EndGlobalSection
	GlobalSection(SolutionProperties) = preSolution
		HideSolutionNode = FALSE
	EndGlobalSection
	GlobalSection(ExtensibilityGlobals) = postSolution
		SolutionGuid = {0A67C90F-309E-4D84-A3FB-10436AD0A404}
	EndGlobalSection
EndGlobal
